
Microsoft Visual Studio Solution File, Format Version 12.00
# Visual Studio Version 16
VisualStudioVersion = 16.0.30011.22
MinimumVisualStudioVersion = 10.0.40219.1
Project("{FAE04EC0-301F-11D3-BF4B-00C04F79EFBC}") = "MBCoopClient", "MBCoopClient\MBCoopClient.csproj", "{5DE878F8-9974-44CF-A1B1-C9A1767B6566}"
EndProject
Project("{FAE04EC0-301F-11D3-BF4B-00C04F79EFBC}") = "MBCoopServer", "MBCoopServer\MBCoopServer.csproj", "{4C5F3968-DCF3-48F5-B7F3-C91FDDFF287D}"
EndProject
Project("{FAE04EC0-301F-11D3-BF4B-00C04F79EFBC}") = "MBCoopLibrary", "MBCoopLibrary\MBCoopLibrary.csproj", "{60D20EEA-FCE2-4FDA-8899-F6A0A8030DF0}"
EndProject
Global
	GlobalSection(SolutionConfigurationPlatforms) = preSolution
		Debug|Any CPU = Debug|Any CPU
		Release|Any CPU = Release|Any CPU
	EndGlobalSection
	GlobalSection(ProjectConfigurationPlatforms) = postSolution
		{5DE878F8-9974-44CF-A1B1-C9A1767B6566}.Debug|Any CPU.ActiveCfg = Debug|Any CPU
		{5DE878F8-9974-44CF-A1B1-C9A1767B6566}.Debug|Any CPU.Build.0 = Debug|Any CPU
		{5DE878F8-9974-44CF-A1B1-C9A1767B6566}.Release|Any CPU.ActiveCfg = Release|Any CPU
		{5DE878F8-9974-44CF-A1B1-C9A1767B6566}.Release|Any CPU.Build.0 = Release|Any CPU
		{4C5F3968-DCF3-48F5-B7F3-C91FDDFF287D}.Debug|Any CPU.ActiveCfg = Debug|Any CPU
		{4C5F3968-DCF3-48F5-B7F3-C91FDDFF287D}.Debug|Any CPU.Build.0 = Debug|Any CPU
		{4C5F3968-DCF3-48F5-B7F3-C91FDDFF287D}.Release|Any CPU.ActiveCfg = Release|Any CPU
		{4C5F3968-DCF3-48F5-B7F3-C91FDDFF287D}.Release|Any CPU.Build.0 = Release|Any CPU
		{60D20EEA-FCE2-4FDA-8899-F6A0A8030DF0}.Debug|Any CPU.ActiveCfg = Debug|Any CPU
		{60D20EEA-FCE2-4FDA-8899-F6A0A8030DF0}.Debug|Any CPU.Build.0 = Debug|Any CPU
		{60D20EEA-FCE2-4FDA-8899-F6A0A8030DF0}.Release|Any CPU.ActiveCfg = Release|Any CPU
		{60D20EEA-FCE2-4FDA-8899-F6A0A8030DF0}.Release|Any CPU.Build.0 = Release|Any CPU
	EndGlobalSection
	GlobalSection(SolutionProperties) = preSolution
		HideSolutionNode = FALSE
	EndGlobalSection
	GlobalSection(ExtensibilityGlobals) = postSolution
		SolutionGuid = {1486E424-8064-4B4E-9752-6FCF45F9EACF}
	EndGlobalSection
EndGlobal
